// !$*UTF8*$!
{
	archiveVersion = 1;
	classes = {
	};
	objectVersion = 55;
	objects = {

/* Begin PBXBuildFile section */
		0D09C3C628462BAF00E91DBC /* DailyChallenge.swift in Sources */ = {isa = PBXBuildFile; fileRef = 0D09C3C528462BAF00E91DBC /* DailyChallenge.swift */; };
		0D09C3C92846306F00E91DBC /* DailyChallengesCell.swift in Sources */ = {isa = PBXBuildFile; fileRef = 0D09C3C82846306F00E91DBC /* DailyChallengesCell.swift */; };
		0D1D90EF284F830A003391FF /* QuestionView.swift in Sources */ = {isa = PBXBuildFile; fileRef = 0D1D90EE284F8309003391FF /* QuestionView.swift */; };
		0D1D90F2284FB83B003391FF /* ProgressBar.swift in Sources */ = {isa = PBXBuildFile; fileRef = 0D1D90F1284FB83B003391FF /* ProgressBar.swift */; };
		0D1D90F4284FBC8C003391FF /* AnswerRowSquare.swift in Sources */ = {isa = PBXBuildFile; fileRef = 0D1D90F3284FBC8B003391FF /* AnswerRowSquare.swift */; };
		0D1D90F6284FBC9F003391FF /* AnswerRowCircle.swift in Sources */ = {isa = PBXBuildFile; fileRef = 0D1D90F5284FBC9F003391FF /* AnswerRowCircle.swift */; };
		0D1D90F828509A64003391FF /* AnswerRowRectangle.swift in Sources */ = {isa = PBXBuildFile; fileRef = 0D1D90F728509A64003391FF /* AnswerRowRectangle.swift */; };
		0D1D90FB2850A21A003391FF /* Trivia.swift in Sources */ = {isa = PBXBuildFile; fileRef = 0D1D90FA2850A21A003391FF /* Trivia.swift */; };
		0D1D90FD2850A249003391FF /* Answer.swift in Sources */ = {isa = PBXBuildFile; fileRef = 0D1D90FC2850A249003391FF /* Answer.swift */; };
		0D1D91002850A2D0003391FF /* TriviaManager.swift in Sources */ = {isa = PBXBuildFile; fileRef = 0D1D90FF2850A2CF003391FF /* TriviaManager.swift */; };
		0D1D9102285110E2003391FF /* ButtonCourses.swift in Sources */ = {isa = PBXBuildFile; fileRef = 0D1D9101285110E2003391FF /* ButtonCourses.swift */; };
		0D2144F0283D139E00DB512C /* TopImageHomeView.swift in Sources */ = {isa = PBXBuildFile; fileRef = 0D2144EF283D139D00DB512C /* TopImageHomeView.swift */; };
		0D2144F2283E591C00DB512C /* FlagSelected.swift in Sources */ = {isa = PBXBuildFile; fileRef = 0D2144F1283E591C00DB512C /* FlagSelected.swift */; };
		0D2693B2281194AD00826898 /* SplashScreen.swift in Sources */ = {isa = PBXBuildFile; fileRef = 0D2693B1281194AD00826898 /* SplashScreen.swift */; };
		0D7FFE662812D53800FFFDB2 /* Colors.swift in Sources */ = {isa = PBXBuildFile; fileRef = 0D7FFE652812D53800FFFDB2 /* Colors.swift */; };
		0D7FFE682812D89100FFFDB2 /* Onboarding.swift in Sources */ = {isa = PBXBuildFile; fileRef = 0D7FFE672812D89100FFFDB2 /* Onboarding.swift */; };
		0DB0854D282BED3800DD5E70 /* ContentViewTest.swift in Sources */ = {isa = PBXBuildFile; fileRef = 0DB0854C282BED3800DD5E70 /* ContentViewTest.swift */; };
		0DB08550282C05C700DD5E70 /* ChooseLanguageWithButtonView.swift in Sources */ = {isa = PBXBuildFile; fileRef = 0DB0854F282C05C700DD5E70 /* ChooseLanguageWithButtonView.swift */; };
		0DB08552282C1D3800DD5E70 /* ButtonLanguage.swift in Sources */ = {isa = PBXBuildFile; fileRef = 0DB08551282C1D3800DD5E70 /* ButtonLanguage.swift */; };
		0DB0855E282D0C8600DD5E70 /* PortugueseBrazilLevelView.swift in Sources */ = {isa = PBXBuildFile; fileRef = 0DB0855D282D0C8600DD5E70 /* PortugueseBrazilLevelView.swift */; };
		0DB08560282D1C6300DD5E70 /* EnglishAmericanLevelView.swift in Sources */ = {isa = PBXBuildFile; fileRef = 0DB0855F282D1C6300DD5E70 /* EnglishAmericanLevelView.swift */; };
		0DC79DB8284A4AF800EFC1AD /* courseOneUnitOne.swift in Sources */ = {isa = PBXBuildFile; fileRef = 0DC79DB7284A4AF800EFC1AD /* courseOneUnitOne.swift */; };
		0DDAA6D82822B49700BC110A /* Poppins-Light.ttf in Resources */ = {isa = PBXBuildFile; fileRef = 0DDAA6D32822B49700BC110A /* Poppins-Light.ttf */; };
		0DDAA6D92822B49700BC110A /* Poppins-Bold.ttf in Resources */ = {isa = PBXBuildFile; fileRef = 0DDAA6D42822B49700BC110A /* Poppins-Bold.ttf */; };
		0DDAA6DA2822B49700BC110A /* Poppins-Regular.ttf in Resources */ = {isa = PBXBuildFile; fileRef = 0DDAA6D52822B49700BC110A /* Poppins-Regular.ttf */; };
		0DDAA6DB2822B49700BC110A /* Poppins-SemiBold.ttf in Resources */ = {isa = PBXBuildFile; fileRef = 0DDAA6D62822B49700BC110A /* Poppins-SemiBold.ttf */; };
		0DDAA6DC2822B49700BC110A /* Poppins-Medium.ttf in Resources */ = {isa = PBXBuildFile; fileRef = 0DDAA6D72822B49700BC110A /* Poppins-Medium.ttf */; };
		0DDAA6DE2822D1DC00BC110A /* GetStartedView.swift in Sources */ = {isa = PBXBuildFile; fileRef = 0DDAA6DD2822D1DB00BC110A /* GetStartedView.swift */; };
		0DDAA6E12822DB3800BC110A /* Kingfisher in Frameworks */ = {isa = PBXBuildFile; productRef = 0DDAA6E02822DB3800BC110A /* Kingfisher */; };
		0DDAA6E72822E0D100BC110A /* Blur.swift in Sources */ = {isa = PBXBuildFile; fileRef = 0DDAA6E62822E0D100BC110A /* Blur.swift */; };
		0DDAA6E92822ECCB00BC110A /* GradientGetStartedView.swift in Sources */ = {isa = PBXBuildFile; fileRef = 0DDAA6E82822ECCA00BC110A /* GradientGetStartedView.swift */; };
		0DDAA6EB2823F8A800BC110A /* ChooseLanguageView.swift in Sources */ = {isa = PBXBuildFile; fileRef = 0DDAA6EA2823F8A800BC110A /* ChooseLanguageView.swift */; };
		0DDAA6ED2824304F00BC110A /* Assets.xcassets in Resources */ = {isa = PBXBuildFile; fileRef = 0DDAA6EC2824304F00BC110A /* Assets.xcassets */; };
		0DDAA6F128257A2000BC110A /* LanguageListView.swift in Sources */ = {isa = PBXBuildFile; fileRef = 0DDAA6F028257A2000BC110A /* LanguageListView.swift */; };
		0DDAA6F328257E9600BC110A /* StandardLanguageView.swift in Sources */ = {isa = PBXBuildFile; fileRef = 0DDAA6F228257E9600BC110A /* StandardLanguageView.swift */; };
		0DDAA6F52825804D00BC110A /* Languages.swift in Sources */ = {isa = PBXBuildFile; fileRef = 0DDAA6F42825804D00BC110A /* Languages.swift */; };
		0DDAA6FA28297AFE00BC110A /* GlobalHelpers.swift in Sources */ = {isa = PBXBuildFile; fileRef = 0DDAA6F928297AFE00BC110A /* GlobalHelpers.swift */; };
		0DE0A5942811925E0080FE70 /* testsJoyApp.swift in Sources */ = {isa = PBXBuildFile; fileRef = 0DE0A5932811925E0080FE70 /* testsJoyApp.swift */; };
		0DE0A5962811925E0080FE70 /* ContentView.swift in Sources */ = {isa = PBXBuildFile; fileRef = 0DE0A5952811925E0080FE70 /* ContentView.swift */; };
		0DE0A59B281192600080FE70 /* Preview Assets.xcassets in Resources */ = {isa = PBXBuildFile; fileRef = 0DE0A59A281192600080FE70 /* Preview Assets.xcassets */; };
		0DF96CC5282D604900B744F6 /* CapsuleButtons.swift in Sources */ = {isa = PBXBuildFile; fileRef = 0DF96CC4282D604900B744F6 /* CapsuleButtons.swift */; };
		0DF96CC8282D71A900B744F6 /* SubscriptionModelOne.swift in Sources */ = {isa = PBXBuildFile; fileRef = 0DF96CC7282D71A900B744F6 /* SubscriptionModelOne.swift */; };
		0DF96CCA282D71C200B744F6 /* SubscriptionModelTwo.swift in Sources */ = {isa = PBXBuildFile; fileRef = 0DF96CC9282D71C200B744F6 /* SubscriptionModelTwo.swift */; };
		0DF96CCC282D71D200B744F6 /* SubscriptionModelThree.swift in Sources */ = {isa = PBXBuildFile; fileRef = 0DF96CCB282D71D200B744F6 /* SubscriptionModelThree.swift */; };
		0DF96CCE282D75A000B744F6 /* EnglishAmericanMain.swift in Sources */ = {isa = PBXBuildFile; fileRef = 0DF96CCD282D75A000B744F6 /* EnglishAmericanMain.swift */; };
		0DF96CD0282E9F9C00B744F6 /* SubscriptionConditions.swift in Sources */ = {isa = PBXBuildFile; fileRef = 0DF96CCF282E9F9C00B744F6 /* SubscriptionConditions.swift */; };
		0DF96CD2283289A700B744F6 /* ButtonTrial.swift in Sources */ = {isa = PBXBuildFile; fileRef = 0DF96CD1283289A700B744F6 /* ButtonTrial.swift */; };
		0DF96CD42833CB1700B744F6 /* HomeView.swift in Sources */ = {isa = PBXBuildFile; fileRef = 0DF96CD32833CB1600B744F6 /* HomeView.swift */; };
		0DF96CD62833CE7300B744F6 /* Course.swift in Sources */ = {isa = PBXBuildFile; fileRef = 0DF96CD52833CE7300B744F6 /* Course.swift */; };
		0DF96CD92833CF1100B744F6 /* StandardHomeCourse.swift in Sources */ = {isa = PBXBuildFile; fileRef = 0DF96CD82833CF1100B744F6 /* StandardHomeCourse.swift */; };
		0DF96CDB2833E4A000B744F6 /* HomeVM.swift in Sources */ = {isa = PBXBuildFile; fileRef = 0DF96CDA2833E4A000B744F6 /* HomeVM.swift */; };
/* End PBXBuildFile section */

/* Begin PBXFileReference section */
		0D09C3C528462BAF00E91DBC /* DailyChallenge.swift */ = {isa = PBXFileReference; lastKnownFileType = sourcecode.swift; path = DailyChallenge.swift; sourceTree = "<group>"; };
		0D09C3C82846306F00E91DBC /* DailyChallengesCell.swift */ = {isa = PBXFileReference; lastKnownFileType = sourcecode.swift; path = DailyChallengesCell.swift; sourceTree = "<group>"; };
		0D1D90EE284F8309003391FF /* QuestionView.swift */ = {isa = PBXFileReference; lastKnownFileType = sourcecode.swift; path = QuestionView.swift; sourceTree = "<group>"; };
		0D1D90F1284FB83B003391FF /* ProgressBar.swift */ = {isa = PBXFileReference; lastKnownFileType = sourcecode.swift; path = ProgressBar.swift; sourceTree = "<group>"; };
		0D1D90F3284FBC8B003391FF /* AnswerRowSquare.swift */ = {isa = PBXFileReference; lastKnownFileType = sourcecode.swift; path = AnswerRowSquare.swift; sourceTree = "<group>"; };
		0D1D90F5284FBC9F003391FF /* AnswerRowCircle.swift */ = {isa = PBXFileReference; lastKnownFileType = sourcecode.swift; path = AnswerRowCircle.swift; sourceTree = "<group>"; };
		0D1D90F728509A64003391FF /* AnswerRowRectangle.swift */ = {isa = PBXFileReference; lastKnownFileType = sourcecode.swift; path = AnswerRowRectangle.swift; sourceTree = "<group>"; };
		0D1D90FA2850A21A003391FF /* Trivia.swift */ = {isa = PBXFileReference; lastKnownFileType = sourcecode.swift; path = Trivia.swift; sourceTree = "<group>"; };
		0D1D90FC2850A249003391FF /* Answer.swift */ = {isa = PBXFileReference; lastKnownFileType = sourcecode.swift; path = Answer.swift; sourceTree = "<group>"; };
		0D1D90FF2850A2CF003391FF /* TriviaManager.swift */ = {isa = PBXFileReference; lastKnownFileType = sourcecode.swift; path = TriviaManager.swift; sourceTree = "<group>"; };
		0D1D9101285110E2003391FF /* ButtonCourses.swift */ = {isa = PBXFileReference; lastKnownFileType = sourcecode.swift; path = ButtonCourses.swift; sourceTree = "<group>"; };
		0D2144EF283D139D00DB512C /* TopImageHomeView.swift */ = {isa = PBXFileReference; lastKnownFileType = sourcecode.swift; path = TopImageHomeView.swift; sourceTree = "<group>"; };
		0D2144F1283E591C00DB512C /* FlagSelected.swift */ = {isa = PBXFileReference; lastKnownFileType = sourcecode.swift; path = FlagSelected.swift; sourceTree = "<group>"; };
		0D2693B1281194AD00826898 /* SplashScreen.swift */ = {isa = PBXFileReference; lastKnownFileType = sourcecode.swift; path = SplashScreen.swift; sourceTree = "<group>"; };
		0D7FFE652812D53800FFFDB2 /* Colors.swift */ = {isa = PBXFileReference; lastKnownFileType = sourcecode.swift; path = Colors.swift; sourceTree = "<group>"; };
		0D7FFE672812D89100FFFDB2 /* Onboarding.swift */ = {isa = PBXFileReference; lastKnownFileType = sourcecode.swift; path = Onboarding.swift; sourceTree = "<group>"; };
		0DB0854C282BED3800DD5E70 /* ContentViewTest.swift */ = {isa = PBXFileReference; lastKnownFileType = sourcecode.swift; path = ContentViewTest.swift; sourceTree = "<group>"; };
		0DB0854F282C05C700DD5E70 /* ChooseLanguageWithButtonView.swift */ = {isa = PBXFileReference; lastKnownFileType = sourcecode.swift; path = ChooseLanguageWithButtonView.swift; sourceTree = "<group>"; };
		0DB08551282C1D3800DD5E70 /* ButtonLanguage.swift */ = {isa = PBXFileReference; lastKnownFileType = sourcecode.swift; path = ButtonLanguage.swift; sourceTree = "<group>"; };
		0DB0855D282D0C8600DD5E70 /* PortugueseBrazilLevelView.swift */ = {isa = PBXFileReference; lastKnownFileType = sourcecode.swift; path = PortugueseBrazilLevelView.swift; sourceTree = "<group>"; };
		0DB0855F282D1C6300DD5E70 /* EnglishAmericanLevelView.swift */ = {isa = PBXFileReference; lastKnownFileType = sourcecode.swift; path = EnglishAmericanLevelView.swift; sourceTree = "<group>"; };
		0DC79DB7284A4AF800EFC1AD /* courseOneUnitOne.swift */ = {isa = PBXFileReference; lastKnownFileType = sourcecode.swift; path = courseOneUnitOne.swift; sourceTree = "<group>"; };
		0DDAA6AA2822A8CB00BC110A /* Info.plist */ = {isa = PBXFileReference; lastKnownFileType = text.plist; path = Info.plist; sourceTree = "<group>"; };
		0DDAA6D32822B49700BC110A /* Poppins-Light.ttf */ = {isa = PBXFileReference; lastKnownFileType = file; name = "Poppins-Light.ttf"; path = "../../../../../../Downloads/Poppins-Font-2/Poppins-Light.ttf"; sourceTree = "<group>"; };
		0DDAA6D42822B49700BC110A /* Poppins-Bold.ttf */ = {isa = PBXFileReference; lastKnownFileType = file; name = "Poppins-Bold.ttf"; path = "../../../../../../Downloads/Poppins-Font-2/Poppins-Bold.ttf"; sourceTree = "<group>"; };
		0DDAA6D52822B49700BC110A /* Poppins-Regular.ttf */ = {isa = PBXFileReference; lastKnownFileType = file; name = "Poppins-Regular.ttf"; path = "../../../../../../Downloads/Poppins-Font-2/Poppins-Regular.ttf"; sourceTree = "<group>"; };
		0DDAA6D62822B49700BC110A /* Poppins-SemiBold.ttf */ = {isa = PBXFileReference; lastKnownFileType = file; name = "Poppins-SemiBold.ttf"; path = "../../../../../../Downloads/Poppins-Font-2/Poppins-SemiBold.ttf"; sourceTree = "<group>"; };
		0DDAA6D72822B49700BC110A /* Poppins-Medium.ttf */ = {isa = PBXFileReference; lastKnownFileType = file; name = "Poppins-Medium.ttf"; path = "../../../../../../Downloads/Poppins-Font-2/Poppins-Medium.ttf"; sourceTree = "<group>"; };
		0DDAA6DD2822D1DB00BC110A /* GetStartedView.swift */ = {isa = PBXFileReference; lastKnownFileType = sourcecode.swift; path = GetStartedView.swift; sourceTree = "<group>"; };
		0DDAA6E62822E0D100BC110A /* Blur.swift */ = {isa = PBXFileReference; lastKnownFileType = sourcecode.swift; path = Blur.swift; sourceTree = "<group>"; };
		0DDAA6E82822ECCA00BC110A /* GradientGetStartedView.swift */ = {isa = PBXFileReference; lastKnownFileType = sourcecode.swift; path = GradientGetStartedView.swift; sourceTree = "<group>"; };
		0DDAA6EA2823F8A800BC110A /* ChooseLanguageView.swift */ = {isa = PBXFileReference; lastKnownFileType = sourcecode.swift; path = ChooseLanguageView.swift; sourceTree = "<group>"; };
		0DDAA6EC2824304F00BC110A /* Assets.xcassets */ = {isa = PBXFileReference; lastKnownFileType = folder.assetcatalog; name = Assets.xcassets; path = testsJoy/Assets.xcassets; sourceTree = "<group>"; };
		0DDAA6F028257A2000BC110A /* LanguageListView.swift */ = {isa = PBXFileReference; lastKnownFileType = sourcecode.swift; path = LanguageListView.swift; sourceTree = "<group>"; };
		0DDAA6F228257E9600BC110A /* StandardLanguageView.swift */ = {isa = PBXFileReference; lastKnownFileType = sourcecode.swift; path = StandardLanguageView.swift; sourceTree = "<group>"; };
		0DDAA6F42825804D00BC110A /* Languages.swift */ = {isa = PBXFileReference; lastKnownFileType = sourcecode.swift; path = Languages.swift; sourceTree = "<group>"; };
		0DDAA6F928297AFE00BC110A /* GlobalHelpers.swift */ = {isa = PBXFileReference; lastKnownFileType = sourcecode.swift; path = GlobalHelpers.swift; sourceTree = "<group>"; };
		0DE0A5902811925E0080FE70 /* testsJoy.app */ = {isa = PBXFileReference; explicitFileType = wrapper.application; includeInIndex = 0; path = testsJoy.app; sourceTree = BUILT_PRODUCTS_DIR; };
		0DE0A5932811925E0080FE70 /* testsJoyApp.swift */ = {isa = PBXFileReference; lastKnownFileType = sourcecode.swift; path = testsJoyApp.swift; sourceTree = "<group>"; };
		0DE0A5952811925E0080FE70 /* ContentView.swift */ = {isa = PBXFileReference; lastKnownFileType = sourcecode.swift; path = ContentView.swift; sourceTree = "<group>"; };
		0DE0A59A281192600080FE70 /* Preview Assets.xcassets */ = {isa = PBXFileReference; lastKnownFileType = folder.assetcatalog; path = "Preview Assets.xcassets"; sourceTree = "<group>"; };
		0DF96CC4282D604900B744F6 /* CapsuleButtons.swift */ = {isa = PBXFileReference; lastKnownFileType = sourcecode.swift; path = CapsuleButtons.swift; sourceTree = "<group>"; };
		0DF96CC7282D71A900B744F6 /* SubscriptionModelOne.swift */ = {isa = PBXFileReference; lastKnownFileType = sourcecode.swift; path = SubscriptionModelOne.swift; sourceTree = "<group>"; };
		0DF96CC9282D71C200B744F6 /* SubscriptionModelTwo.swift */ = {isa = PBXFileReference; lastKnownFileType = sourcecode.swift; path = SubscriptionModelTwo.swift; sourceTree = "<group>"; };
		0DF96CCB282D71D200B744F6 /* SubscriptionModelThree.swift */ = {isa = PBXFileReference; lastKnownFileType = sourcecode.swift; path = SubscriptionModelThree.swift; sourceTree = "<group>"; };
		0DF96CCD282D75A000B744F6 /* EnglishAmericanMain.swift */ = {isa = PBXFileReference; lastKnownFileType = sourcecode.swift; path = EnglishAmericanMain.swift; sourceTree = "<group>"; };
		0DF96CCF282E9F9C00B744F6 /* SubscriptionConditions.swift */ = {isa = PBXFileReference; lastKnownFileType = sourcecode.swift; path = SubscriptionConditions.swift; sourceTree = "<group>"; };
		0DF96CD1283289A700B744F6 /* ButtonTrial.swift */ = {isa = PBXFileReference; lastKnownFileType = sourcecode.swift; path = ButtonTrial.swift; sourceTree = "<group>"; };
		0DF96CD32833CB1600B744F6 /* HomeView.swift */ = {isa = PBXFileReference; lastKnownFileType = sourcecode.swift; path = HomeView.swift; sourceTree = "<group>"; };
		0DF96CD52833CE7300B744F6 /* Course.swift */ = {isa = PBXFileReference; lastKnownFileType = sourcecode.swift; path = Course.swift; sourceTree = "<group>"; };
		0DF96CD82833CF1100B744F6 /* StandardHomeCourse.swift */ = {isa = PBXFileReference; lastKnownFileType = sourcecode.swift; path = StandardHomeCourse.swift; sourceTree = "<group>"; };
		0DF96CDA2833E4A000B744F6 /* HomeVM.swift */ = {isa = PBXFileReference; lastKnownFileType = sourcecode.swift; path = HomeVM.swift; sourceTree = "<group>"; };
/* End PBXFileReference section */

/* Begin PBXFrameworksBuildPhase section */
		0DE0A58D2811925E0080FE70 /* Frameworks */ = {
			isa = PBXFrameworksBuildPhase;
			buildActionMask = 2147483647;
			files = (
				0DDAA6E12822DB3800BC110A /* Kingfisher in Frameworks */,
			);
			runOnlyForDeploymentPostprocessing = 0;
		};
/* End PBXFrameworksBuildPhase section */

/* Begin PBXGroup section */
		0D09C3C72846305100E91DBC /* Daily Challenges */ = {
			isa = PBXGroup;
			children = (
				0D09C3C82846306F00E91DBC /* DailyChallengesCell.swift */,
			);
			path = "Daily Challenges";
			sourceTree = "<group>";
		};
		0D1D90ED284F8261003391FF /* API and courses */ = {
			isa = PBXGroup;
			children = (
				0D1D90FE2850A284003391FF /* API connection */,
				0D1D90EE284F8309003391FF /* QuestionView.swift */,
				0D1D90F92850A1DB003391FF /* Model API */,
				0D1D90F0284FB829003391FF /* Components */,
			);
			path = "API and courses";
			sourceTree = "<group>";
		};
		0D1D90F0284FB829003391FF /* Components */ = {
			isa = PBXGroup;
			children = (
				0D1D90F1284FB83B003391FF /* ProgressBar.swift */,
				0D1D90F728509A64003391FF /* AnswerRowRectangle.swift */,
				0D1D90F3284FBC8B003391FF /* AnswerRowSquare.swift */,
				0D1D90F5284FBC9F003391FF /* AnswerRowCircle.swift */,
			);
			path = Components;
			sourceTree = "<group>";
		};
		0D1D90F92850A1DB003391FF /* Model API */ = {
			isa = PBXGroup;
			children = (
				0D1D90FA2850A21A003391FF /* Trivia.swift */,
				0D1D90FC2850A249003391FF /* Answer.swift */,
			);
			path = "Model API";
			sourceTree = "<group>";
		};
		0D1D90FE2850A284003391FF /* API connection */ = {
			isa = PBXGroup;
			children = (
				0D1D90FF2850A2CF003391FF /* TriviaManager.swift */,
			);
			path = "API connection";
			sourceTree = "<group>";
		};
		0D2144EE283D12AB00DB512C /* HomeView */ = {
			isa = PBXGroup;
			children = (
				0DF96CD32833CB1600B744F6 /* HomeView.swift */,
				0D2144EF283D139D00DB512C /* TopImageHomeView.swift */,
				0D2144F1283E591C00DB512C /* FlagSelected.swift */,
			);
			path = HomeView;
			sourceTree = "<group>";
		};
		0D7FFE642812D50D00FFFDB2 /* Helpers */ = {
			isa = PBXGroup;
			children = (
				0D7FFE652812D53800FFFDB2 /* Colors.swift */,
				0D1D9101285110E2003391FF /* ButtonCourses.swift */,
				0D7FFE672812D89100FFFDB2 /* Onboarding.swift */,
				0DDAA6E62822E0D100BC110A /* Blur.swift */,
				0DDAA6E82822ECCA00BC110A /* GradientGetStartedView.swift */,
				0DDAA6F928297AFE00BC110A /* GlobalHelpers.swift */,
				0DF96CC4282D604900B744F6 /* CapsuleButtons.swift */,
			);
			path = Helpers;
			sourceTree = "<group>";
		};
		0D7FFE692812F85500FFFDB2 /* Resources */ = {
			isa = PBXGroup;
			children = (
				0DDAA6D42822B49700BC110A /* Poppins-Bold.ttf */,
				0DDAA6D32822B49700BC110A /* Poppins-Light.ttf */,
				0DDAA6D72822B49700BC110A /* Poppins-Medium.ttf */,
				0DDAA6D52822B49700BC110A /* Poppins-Regular.ttf */,
				0DDAA6D62822B49700BC110A /* Poppins-SemiBold.ttf */,
			);
			path = Resources;
			sourceTree = "<group>";
		};
		0DB0854E282C01D700DD5E70 /* Not in use */ = {
			isa = PBXGroup;
			children = (
				0DDAA6F028257A2000BC110A /* LanguageListView.swift */,
				0DDAA6F228257E9600BC110A /* StandardLanguageView.swift */,
				0DDAA6EA2823F8A800BC110A /* ChooseLanguageView.swift */,
				0DB0854C282BED3800DD5E70 /* ContentViewTest.swift */,
			);
			path = "Not in use";
			sourceTree = "<group>";
		};
		0DB08553282D0A2900DD5E70 /* English Language */ = {
			isa = PBXGroup;
			children = (
				0DB0855B282D0C5100DD5E70 /* English American */,
			);
			path = "English Language";
			sourceTree = "<group>";
		};
		0DB08554282D0A3400DD5E70 /* Portuguese Language */ = {
			isa = PBXGroup;
			children = (
				0DB0855C282D0C7100DD5E70 /* Portuguese Brazil */,
			);
			path = "Portuguese Language";
			sourceTree = "<group>";
		};
		0DB0855B282D0C5100DD5E70 /* English American */ = {
			isa = PBXGroup;
			children = (
				0DB0855F282D1C6300DD5E70 /* EnglishAmericanLevelView.swift */,
				0DF96CCD282D75A000B744F6 /* EnglishAmericanMain.swift */,
				0DC79DB6284A4ACE00EFC1AD /* Units1 */,
			);
			path = "English American";
			sourceTree = "<group>";
		};
		0DB0855C282D0C7100DD5E70 /* Portuguese Brazil */ = {
			isa = PBXGroup;
			children = (
				0DB0855D282D0C8600DD5E70 /* PortugueseBrazilLevelView.swift */,
			);
			path = "Portuguese Brazil";
			sourceTree = "<group>";
		};
		0DC79DB6284A4ACE00EFC1AD /* Units1 */ = {
			isa = PBXGroup;
			children = (
				0DC79DB7284A4AF800EFC1AD /* courseOneUnitOne.swift */,
			);
			path = Units1;
			sourceTree = "<group>";
		};
		0DDAA6F62825984F00BC110A /* Models */ = {
			isa = PBXGroup;
			children = (
				0DDAA6F42825804D00BC110A /* Languages.swift */,
				0DF96CD52833CE7300B744F6 /* Course.swift */,
				0D09C3C528462BAF00E91DBC /* DailyChallenge.swift */,
			);
			path = Models;
			sourceTree = "<group>";
		};
		0DE0A5872811925E0080FE70 = {
			isa = PBXGroup;
			children = (
				0DDAA6EC2824304F00BC110A /* Assets.xcassets */,
				0DE0A5922811925E0080FE70 /* testsJoy */,
				0DE0A5912811925E0080FE70 /* Products */,
			);
			sourceTree = "<group>";
		};
		0DE0A5912811925E0080FE70 /* Products */ = {
			isa = PBXGroup;
			children = (
				0DE0A5902811925E0080FE70 /* testsJoy.app */,
			);
			name = Products;
			sourceTree = "<group>";
		};
		0DE0A5922811925E0080FE70 /* testsJoy */ = {
			isa = PBXGroup;
			children = (
				0DDAA6AA2822A8CB00BC110A /* Info.plist */,
				0DE0A5932811925E0080FE70 /* testsJoyApp.swift */,
				0DE0A5952811925E0080FE70 /* ContentView.swift */,
				0D2693B1281194AD00826898 /* SplashScreen.swift */,
				0DDAA6DD2822D1DB00BC110A /* GetStartedView.swift */,
				0DB0854F282C05C700DD5E70 /* ChooseLanguageWithButtonView.swift */,
				0DB08551282C1D3800DD5E70 /* ButtonLanguage.swift */,
				0DB08553282D0A2900DD5E70 /* English Language */,
				0DB08554282D0A3400DD5E70 /* Portuguese Language */,
				0DF96CD72833CEE400B744F6 /* Views for All Languages */,
				0D09C3C72846305100E91DBC /* Daily Challenges */,
				0D1D90ED284F8261003391FF /* API and courses */,
				0DF96CC6282D716F00B744F6 /* Subscriptions */,
				0DDAA6F62825984F00BC110A /* Models */,
				0D7FFE692812F85500FFFDB2 /* Resources */,
				0D7FFE642812D50D00FFFDB2 /* Helpers */,
				0DB0854E282C01D700DD5E70 /* Not in use */,
				0DE0A599281192600080FE70 /* Preview Content */,
			);
			path = testsJoy;
			sourceTree = "<group>";
		};
		0DE0A599281192600080FE70 /* Preview Content */ = {
			isa = PBXGroup;
			children = (
				0DE0A59A281192600080FE70 /* Preview Assets.xcassets */,
			);
			path = "Preview Content";
			sourceTree = "<group>";
		};
		0DF96CC6282D716F00B744F6 /* Subscriptions */ = {
			isa = PBXGroup;
			children = (
				0DF96CC7282D71A900B744F6 /* SubscriptionModelOne.swift */,
				0DF96CC9282D71C200B744F6 /* SubscriptionModelTwo.swift */,
				0DF96CCB282D71D200B744F6 /* SubscriptionModelThree.swift */,
				0DF96CCF282E9F9C00B744F6 /* SubscriptionConditions.swift */,
				0DF96CD1283289A700B744F6 /* ButtonTrial.swift */,
			);
			path = Subscriptions;
			sourceTree = "<group>";
		};
		0DF96CD72833CEE400B744F6 /* Views for All Languages */ = {
			isa = PBXGroup;
			children = (
				0D2144EE283D12AB00DB512C /* HomeView */,
				0DF96CD82833CF1100B744F6 /* StandardHomeCourse.swift */,
				0DF96CDA2833E4A000B744F6 /* HomeVM.swift */,
			);
			path = "Views for All Languages";
			sourceTree = "<group>";
		};
/* End PBXGroup section */

/* Begin PBXNativeTarget section */
		0DE0A58F2811925E0080FE70 /* testsJoy */ = {
			isa = PBXNativeTarget;
			buildConfigurationList = 0DE0A59E281192600080FE70 /* Build configuration list for PBXNativeTarget "testsJoy" */;
			buildPhases = (
				0DE0A58C2811925E0080FE70 /* Sources */,
				0DE0A58D2811925E0080FE70 /* Frameworks */,
				0DE0A58E2811925E0080FE70 /* Resources */,
			);
			buildRules = (
			);
			dependencies = (
			);
			name = testsJoy;
			packageProductDependencies = (
				0DDAA6E02822DB3800BC110A /* Kingfisher */,
			);
			productName = testsJoy;
			productReference = 0DE0A5902811925E0080FE70 /* testsJoy.app */;
			productType = "com.apple.product-type.application";
		};
/* End PBXNativeTarget section */

/* Begin PBXProject section */
		0DE0A5882811925E0080FE70 /* Project object */ = {
			isa = PBXProject;
			attributes = {
				BuildIndependentTargetsInParallel = 1;
				LastSwiftUpdateCheck = 1320;
				LastUpgradeCheck = 1320;
				TargetAttributes = {
					0DE0A58F2811925E0080FE70 = {
						CreatedOnToolsVersion = 13.2.1;
					};
				};
			};
			buildConfigurationList = 0DE0A58B2811925E0080FE70 /* Build configuration list for PBXProject "testsJoy" */;
			compatibilityVersion = "Xcode 13.0";
			developmentRegion = en;
			hasScannedForEncodings = 0;
			knownRegions = (
				en,
				Base,
			);
			mainGroup = 0DE0A5872811925E0080FE70;
			packageReferences = (
				0DDAA6DF2822DB3800BC110A /* XCRemoteSwiftPackageReference "Kingfisher" */,
			);
			productRefGroup = 0DE0A5912811925E0080FE70 /* Products */;
			projectDirPath = "";
			projectRoot = "";
			targets = (
				0DE0A58F2811925E0080FE70 /* testsJoy */,
			);
		};
/* End PBXProject section */

/* Begin PBXResourcesBuildPhase section */
		0DE0A58E2811925E0080FE70 /* Resources */ = {
			isa = PBXResourcesBuildPhase;
			buildActionMask = 2147483647;
			files = (
				0DE0A59B281192600080FE70 /* Preview Assets.xcassets in Resources */,
				0DDAA6DC2822B49700BC110A /* Poppins-Medium.ttf in Resources */,
				0DDAA6D82822B49700BC110A /* Poppins-Light.ttf in Resources */,
				0DDAA6DB2822B49700BC110A /* Poppins-SemiBold.ttf in Resources */,
				0DDAA6ED2824304F00BC110A /* Assets.xcassets in Resources */,
				0DDAA6D92822B49700BC110A /* Poppins-Bold.ttf in Resources */,
				0DDAA6DA2822B49700BC110A /* Poppins-Regular.ttf in Resources */,
			);
			runOnlyForDeploymentPostprocessing = 0;
		};
/* End PBXResourcesBuildPhase section */

/* Begin PBXSourcesBuildPhase section */
		0DE0A58C2811925E0080FE70 /* Sources */ = {
			isa = PBXSourcesBuildPhase;
			buildActionMask = 2147483647;
			files = (
				0DF96CD62833CE7300B744F6 /* Course.swift in Sources */,
				0D2693B2281194AD00826898 /* SplashScreen.swift in Sources */,
				0D1D91002850A2D0003391FF /* TriviaManager.swift in Sources */,
				0DF96CCC282D71D200B744F6 /* SubscriptionModelThree.swift in Sources */,
				0DF96CC5282D604900B744F6 /* CapsuleButtons.swift in Sources */,
				0DF96CCE282D75A000B744F6 /* EnglishAmericanMain.swift in Sources */,
				0D09C3C628462BAF00E91DBC /* DailyChallenge.swift in Sources */,
				0DDAA6F328257E9600BC110A /* StandardLanguageView.swift in Sources */,
				0DB08560282D1C6300DD5E70 /* EnglishAmericanLevelView.swift in Sources */,
				0DDAA6FA28297AFE00BC110A /* GlobalHelpers.swift in Sources */,
				0D2144F2283E591C00DB512C /* FlagSelected.swift in Sources */,
				0D1D90EF284F830A003391FF /* QuestionView.swift in Sources */,
				0DDAA6DE2822D1DC00BC110A /* GetStartedView.swift in Sources */,
				0D1D90FD2850A249003391FF /* Answer.swift in Sources */,
				0DDAA6F128257A2000BC110A /* LanguageListView.swift in Sources */,
				0DF96CD92833CF1100B744F6 /* StandardHomeCourse.swift in Sources */,
				0D7FFE662812D53800FFFDB2 /* Colors.swift in Sources */,
				0DB0854D282BED3800DD5E70 /* ContentViewTest.swift in Sources */,
				0D1D90F6284FBC9F003391FF /* AnswerRowCircle.swift in Sources */,
				0DDAA6F52825804D00BC110A /* Languages.swift in Sources */,
				0DB0855E282D0C8600DD5E70 /* PortugueseBrazilLevelView.swift in Sources */,
				0DF96CD2283289A700B744F6 /* ButtonTrial.swift in Sources */,
				0DC79DB8284A4AF800EFC1AD /* courseOneUnitOne.swift in Sources */,
				0D7FFE682812D89100FFFDB2 /* Onboarding.swift in Sources */,
				0D1D90FB2850A21A003391FF /* Trivia.swift in Sources */,
				0D1D90F4284FBC8C003391FF /* AnswerRowSquare.swift in Sources */,
				0DB08550282C05C700DD5E70 /* ChooseLanguageWithButtonView.swift in Sources */,
				0D1D90F2284FB83B003391FF /* ProgressBar.swift in Sources */,
				0DF96CC8282D71A900B744F6 /* SubscriptionModelOne.swift in Sources */,
				0DF96CD42833CB1700B744F6 /* HomeView.swift in Sources */,
				0DDAA6E72822E0D100BC110A /* Blur.swift in Sources */,
				0D09C3C92846306F00E91DBC /* DailyChallengesCell.swift in Sources */,
				0D1D90F828509A64003391FF /* AnswerRowRectangle.swift in Sources */,
				0D2144F0283D139E00DB512C /* TopImageHomeView.swift in Sources */,
				0DE0A5962811925E0080FE70 /* ContentView.swift in Sources */,
				0DE0A5942811925E0080FE70 /* testsJoyApp.swift in Sources */,
				0DF96CCA282D71C200B744F6 /* SubscriptionModelTwo.swift in Sources */,
				0DDAA6EB2823F8A800BC110A /* ChooseLanguageView.swift in Sources */,
				0DDAA6E92822ECCB00BC110A /* GradientGetStartedView.swift in Sources */,
				0DF96CDB2833E4A000B744F6 /* HomeVM.swift in Sources */,
				0DF96CD0282E9F9C00B744F6 /* SubscriptionConditions.swift in Sources */,
				0D1D9102285110E2003391FF /* ButtonCourses.swift in Sources */,
				0DB08552282C1D3800DD5E70 /* ButtonLanguage.swift in Sources */,
			);
			runOnlyForDeploymentPostprocessing = 0;
		};
/* End PBXSourcesBuildPhase section */

/* Begin XCBuildConfiguration section */
		0DE0A59C281192600080FE70 /* Debug */ = {
			isa = XCBuildConfiguration;
			buildSettings = {
				ALWAYS_SEARCH_USER_PATHS = NO;
				CLANG_ANALYZER_NONNULL = YES;
				CLANG_ANALYZER_NUMBER_OBJECT_CONVERSION = YES_AGGRESSIVE;
				CLANG_CXX_LANGUAGE_STANDARD = "gnu++17";
				CLANG_CXX_LIBRARY = "libc++";
				CLANG_ENABLE_MODULES = YES;
				CLANG_ENABLE_OBJC_ARC = YES;
				CLANG_ENABLE_OBJC_WEAK = YES;
				CLANG_WARN_BLOCK_CAPTURE_AUTORELEASING = YES;
				CLANG_WARN_BOOL_CONVERSION = YES;
				CLANG_WARN_COMMA = YES;
				CLANG_WARN_CONSTANT_CONVERSION = YES;
				CLANG_WARN_DEPRECATED_OBJC_IMPLEMENTATIONS = YES;
				CLANG_WARN_DIRECT_OBJC_ISA_USAGE = YES_ERROR;
				CLANG_WARN_DOCUMENTATION_COMMENTS = YES;
				CLANG_WARN_EMPTY_BODY = YES;
				CLANG_WARN_ENUM_CONVERSION = YES;
				CLANG_WARN_INFINITE_RECURSION = YES;
				CLANG_WARN_INT_CONVERSION = YES;
				CLANG_WARN_NON_LITERAL_NULL_CONVERSION = YES;
				CLANG_WARN_OBJC_IMPLICIT_RETAIN_SELF = YES;
				CLANG_WARN_OBJC_LITERAL_CONVERSION = YES;
				CLANG_WARN_OBJC_ROOT_CLASS = YES_ERROR;
				CLANG_WARN_QUOTED_INCLUDE_IN_FRAMEWORK_HEADER = YES;
				CLANG_WARN_RANGE_LOOP_ANALYSIS = YES;
				CLANG_WARN_STRICT_PROTOTYPES = YES;
				CLANG_WARN_SUSPICIOUS_MOVE = YES;
				CLANG_WARN_UNGUARDED_AVAILABILITY = YES_AGGRESSIVE;
				CLANG_WARN_UNREACHABLE_CODE = YES;
				CLANG_WARN__DUPLICATE_METHOD_MATCH = YES;
				COPY_PHASE_STRIP = NO;
				DEBUG_INFORMATION_FORMAT = dwarf;
				ENABLE_STRICT_OBJC_MSGSEND = YES;
				ENABLE_TESTABILITY = YES;
				GCC_C_LANGUAGE_STANDARD = gnu11;
				GCC_DYNAMIC_NO_PIC = NO;
				GCC_NO_COMMON_BLOCKS = YES;
				GCC_OPTIMIZATION_LEVEL = 0;
				GCC_PREPROCESSOR_DEFINITIONS = (
					"DEBUG=1",
					"$(inherited)",
				);
				GCC_WARN_64_TO_32_BIT_CONVERSION = YES;
				GCC_WARN_ABOUT_RETURN_TYPE = YES_ERROR;
				GCC_WARN_UNDECLARED_SELECTOR = YES;
				GCC_WARN_UNINITIALIZED_AUTOS = YES_AGGRESSIVE;
				GCC_WARN_UNUSED_FUNCTION = YES;
				GCC_WARN_UNUSED_VARIABLE = YES;
				IPHONEOS_DEPLOYMENT_TARGET = 15.2;
				MTL_ENABLE_DEBUG_INFO = INCLUDE_SOURCE;
				MTL_FAST_MATH = YES;
				ONLY_ACTIVE_ARCH = YES;
				SDKROOT = iphoneos;
				SWIFT_ACTIVE_COMPILATION_CONDITIONS = DEBUG;
				SWIFT_OPTIMIZATION_LEVEL = "-Onone";
			};
			name = Debug;
		};
		0DE0A59D281192600080FE70 /* Release */ = {
			isa = XCBuildConfiguration;
			buildSettings = {
				ALWAYS_SEARCH_USER_PATHS = NO;
				CLANG_ANALYZER_NONNULL = YES;
				CLANG_ANALYZER_NUMBER_OBJECT_CONVERSION = YES_AGGRESSIVE;
				CLANG_CXX_LANGUAGE_STANDARD = "gnu++17";
				CLANG_CXX_LIBRARY = "libc++";
				CLANG_ENABLE_MODULES = YES;
				CLANG_ENABLE_OBJC_ARC = YES;
				CLANG_ENABLE_OBJC_WEAK = YES;
				CLANG_WARN_BLOCK_CAPTURE_AUTORELEASING = YES;
				CLANG_WARN_BOOL_CONVERSION = YES;
				CLANG_WARN_COMMA = YES;
				CLANG_WARN_CONSTANT_CONVERSION = YES;
				CLANG_WARN_DEPRECATED_OBJC_IMPLEMENTATIONS = YES;
				CLANG_WARN_DIRECT_OBJC_ISA_USAGE = YES_ERROR;
				CLANG_WARN_DOCUMENTATION_COMMENTS = YES;
				CLANG_WARN_EMPTY_BODY = YES;
				CLANG_WARN_ENUM_CONVERSION = YES;
				CLANG_WARN_INFINITE_RECURSION = YES;
				CLANG_WARN_INT_CONVERSION = YES;
				CLANG_WARN_NON_LITERAL_NULL_CONVERSION = YES;
				CLANG_WARN_OBJC_IMPLICIT_RETAIN_SELF = YES;
				CLANG_WARN_OBJC_LITERAL_CONVERSION = YES;
				CLANG_WARN_OBJC_ROOT_CLASS = YES_ERROR;
				CLANG_WARN_QUOTED_INCLUDE_IN_FRAMEWORK_HEADER = YES;
				CLANG_WARN_RANGE_LOOP_ANALYSIS = YES;
				CLANG_WARN_STRICT_PROTOTYPES = YES;
				CLANG_WARN_SUSPICIOUS_MOVE = YES;
				CLANG_WARN_UNGUARDED_AVAILABILITY = YES_AGGRESSIVE;
				CLANG_WARN_UNREACHABLE_CODE = YES;
				CLANG_WARN__DUPLICATE_METHOD_MATCH = YES;
				COPY_PHASE_STRIP = NO;
				DEBUG_INFORMATION_FORMAT = "dwarf-with-dsym";
				ENABLE_NS_ASSERTIONS = NO;
				ENABLE_STRICT_OBJC_MSGSEND = YES;
				GCC_C_LANGUAGE_STANDARD = gnu11;
				GCC_NO_COMMON_BLOCKS = YES;
				GCC_WARN_64_TO_32_BIT_CONVERSION = YES;
				GCC_WARN_ABOUT_RETURN_TYPE = YES_ERROR;
				GCC_WARN_UNDECLARED_SELECTOR = YES;
				GCC_WARN_UNINITIALIZED_AUTOS = YES_AGGRESSIVE;
				GCC_WARN_UNUSED_FUNCTION = YES;
				GCC_WARN_UNUSED_VARIABLE = YES;
				IPHONEOS_DEPLOYMENT_TARGET = 15.2;
				MTL_ENABLE_DEBUG_INFO = NO;
				MTL_FAST_MATH = YES;
				SDKROOT = iphoneos;
				SWIFT_COMPILATION_MODE = wholemodule;
				SWIFT_OPTIMIZATION_LEVEL = "-O";
				VALIDATE_PRODUCT = YES;
			};
			name = Release;
		};
		0DE0A59F281192600080FE70 /* Debug */ = {
			isa = XCBuildConfiguration;
			buildSettings = {
				ASSETCATALOG_COMPILER_APPICON_NAME = AppIcon;
				ASSETCATALOG_COMPILER_GLOBAL_ACCENT_COLOR_NAME = AccentColor;
				CODE_SIGN_STYLE = Automatic;
				CURRENT_PROJECT_VERSION = 1;
				DEVELOPMENT_ASSET_PATHS = "\"testsJoy/Preview Content\"";
				DEVELOPMENT_TEAM = 88TU46RB2K;
				ENABLE_PREVIEWS = YES;
				GENERATE_INFOPLIST_FILE = YES;
				INFOPLIST_FILE = testsJoy/Info.plist;
				INFOPLIST_KEY_UIApplicationSceneManifest_Generation = YES;
				INFOPLIST_KEY_UIApplicationSupportsIndirectInputEvents = YES;
				INFOPLIST_KEY_UILaunchScreen_Generation = YES;
				INFOPLIST_KEY_UISupportedInterfaceOrientations_iPad = "UIInterfaceOrientationPortrait UIInterfaceOrientationPortraitUpsideDown UIInterfaceOrientationLandscapeLeft UIInterfaceOrientationLandscapeRight";
				INFOPLIST_KEY_UISupportedInterfaceOrientations_iPhone = "UIInterfaceOrientationPortrait UIInterfaceOrientationLandscapeLeft UIInterfaceOrientationLandscapeRight";
				LD_RUNPATH_SEARCH_PATHS = (
					"$(inherited)",
					"@executable_path/Frameworks",
				);
				MARKETING_VERSION = 1.0;
				PRODUCT_BUNDLE_IDENTIFIER = com.teletab.testsJoy;
				PRODUCT_NAME = "$(TARGET_NAME)";
				SWIFT_EMIT_LOC_STRINGS = YES;
				SWIFT_VERSION = 5.0;
				TARGETED_DEVICE_FAMILY = "1,2";
			};
			name = Debug;
		};
		0DE0A5A0281192600080FE70 /* Release */ = {
			isa = XCBuildConfiguration;
			buildSettings = {
				ASSETCATALOG_COMPILER_APPICON_NAME = AppIcon;
				ASSETCATALOG_COMPILER_GLOBAL_ACCENT_COLOR_NAME = AccentColor;
				CODE_SIGN_STYLE = Automatic;
				CURRENT_PROJECT_VERSION = 1;
				DEVELOPMENT_ASSET_PATHS = "\"testsJoy/Preview Content\"";
				DEVELOPMENT_TEAM = 88TU46RB2K;
				ENABLE_PREVIEWS = YES;
				GENERATE_INFOPLIST_FILE = YES;
				INFOPLIST_FILE = testsJoy/Info.plist;
				INFOPLIST_KEY_UIApplicationSceneManifest_Generation = YES;
				INFOPLIST_KEY_UIApplicationSupportsIndirectInputEvents = YES;
				INFOPLIST_KEY_UILaunchScreen_Generation = YES;
				INFOPLIST_KEY_UISupportedInterfaceOrientations_iPad = "UIInterfaceOrientationPortrait UIInterfaceOrientationPortraitUpsideDown UIInterfaceOrientationLandscapeLeft UIInterfaceOrientationLandscapeRight";
				INFOPLIST_KEY_UISupportedInterfaceOrientations_iPhone = "UIInterfaceOrientationPortrait UIInterfaceOrientationLandscapeLeft UIInterfaceOrientationLandscapeRight";
				LD_RUNPATH_SEARCH_PATHS = (
					"$(inherited)",
					"@executable_path/Frameworks",
				);
				MARKETING_VERSION = 1.0;
				PRODUCT_BUNDLE_IDENTIFIER = com.teletab.testsJoy;
				PRODUCT_NAME = "$(TARGET_NAME)";
				SWIFT_EMIT_LOC_STRINGS = YES;
				SWIFT_VERSION = 5.0;
				TARGETED_DEVICE_FAMILY = "1,2";
			};
			name = Release;
		};
/* End XCBuildConfiguration section */

/* Begin XCConfigurationList section */
		0DE0A58B2811925E0080FE70 /* Build configuration list for PBXProject "testsJoy" */ = {
			isa = XCConfigurationList;
			buildConfigurations = (
				0DE0A59C281192600080FE70 /* Debug */,
				0DE0A59D281192600080FE70 /* Release */,
			);
			defaultConfigurationIsVisible = 0;
			defaultConfigurationName = Release;
		};
		0DE0A59E281192600080FE70 /* Build configuration list for PBXNativeTarget "testsJoy" */ = {
			isa = XCConfigurationList;
			buildConfigurations = (
				0DE0A59F281192600080FE70 /* Debug */,
				0DE0A5A0281192600080FE70 /* Release */,
			);
			defaultConfigurationIsVisible = 0;
			defaultConfigurationName = Release;
		};
/* End XCConfigurationList section */

/* Begin XCRemoteSwiftPackageReference section */
		0DDAA6DF2822DB3800BC110A /* XCRemoteSwiftPackageReference "Kingfisher" */ = {
			isa = XCRemoteSwiftPackageReference;
			repositoryURL = "https://github.com/onevcat/Kingfisher";
			requirement = {
				kind = upToNextMajorVersion;
				minimumVersion = 7.0.0;
			};
		};
/* End XCRemoteSwiftPackageReference section */

/* Begin XCSwiftPackageProductDependency section */
		0DDAA6E02822DB3800BC110A /* Kingfisher */ = {
			isa = XCSwiftPackageProductDependency;
			package = 0DDAA6DF2822DB3800BC110A /* XCRemoteSwiftPackageReference "Kingfisher" */;
			productName = Kingfisher;
		};
/* End XCSwiftPackageProductDependency section */
	};
	rootObject = 0DE0A5882811925E0080FE70 /* Project object */;
}
